// !$*UTF8*$!
{
	archiveVersion = 1;
	classes = {
	};
	objectVersion = 46;
	objects = {

/* Begin PBXBuildFile section */
		EC9878341B4AA43B004AB1FC /* main.m in Sources */ = {isa = PBXBuildFile; fileRef = EC9878331B4AA43B004AB1FC /* main.m */; };
		EC9878371B4AA43B004AB1FC /* AppDelegate.m in Sources */ = {isa = PBXBuildFile; fileRef = EC9878361B4AA43B004AB1FC /* AppDelegate.m */; };
		EC98783A1B4AA43B004AB1FC /* ViewController.m in Sources */ = {isa = PBXBuildFile; fileRef = EC9878391B4AA43B004AB1FC /* ViewController.m */; };
		EC98783D1B4AA43B004AB1FC /* Main.storyboard in Resources */ = {isa = PBXBuildFile; fileRef = EC98783B1B4AA43B004AB1FC /* Main.storyboard */; };
		EC98783F1B4AA43B004AB1FC /* Images.xcassets in Resources */ = {isa = PBXBuildFile; fileRef = EC98783E1B4AA43B004AB1FC /* Images.xcassets */; };
		EC9878421B4AA43B004AB1FC /* LaunchScreen.xib in Resources */ = {isa = PBXBuildFile; fileRef = EC9878401B4AA43B004AB1FC /* LaunchScreen.xib */; };
		EC98784E1B4AA43B004AB1FC /* HomeLoansTests.m in Sources */ = {isa = PBXBuildFile; fileRef = EC98784D1B4AA43B004AB1FC /* HomeLoansTests.m */; };
/* End PBXBuildFile section */

/* Begin PBXContainerItemProxy section */
		EC9878481B4AA43B004AB1FC /* PBXContainerItemProxy */ = {
			isa = PBXContainerItemProxy;
			containerPortal = EC9878261B4AA43B004AB1FC /* Project object */;
			proxyType = 1;
			remoteGlobalIDString = EC98782D1B4AA43B004AB1FC;
			remoteInfo = HomeLoans;
		};
/* End PBXContainerItemProxy section */

/* Begin PBXFileReference section */
		EC98782E1B4AA43B004AB1FC /* HomeLoans.app */ = {isa = PBXFileReference; explicitFileType = wrapper.application; includeInIndex = 0; path = HomeLoans.app; sourceTree = BUILT_PRODUCTS_DIR; };
		EC9878321B4AA43B004AB1FC /* Info.plist */ = {isa = PBXFileReference; lastKnownFileType = text.plist.xml; path = Info.plist; sourceTree = "<group>"; };
		EC9878331B4AA43B004AB1FC /* main.m */ = {isa = PBXFileReference; lastKnownFileType = sourcecode.c.objc; path = main.m; sourceTree = "<group>"; };
		EC9878351B4AA43B004AB1FC /* AppDelegate.h */ = {isa = PBXFileReference; lastKnownFileType = sourcecode.c.h; path = AppDelegate.h; sourceTree = "<group>"; };
		EC9878361B4AA43B004AB1FC /* AppDelegate.m */ = {isa = PBXFileReference; lastKnownFileType = sourcecode.c.objc; path = AppDelegate.m; sourceTree = "<group>"; };
		EC9878381B4AA43B004AB1FC /* ViewController.h */ = {isa = PBXFileReference; lastKnownFileType = sourcecode.c.h; path = ViewController.h; sourceTree = "<group>"; };
		EC9878391B4AA43B004AB1FC /* ViewController.m */ = {isa = PBXFileReference; lastKnownFileType = sourcecode.c.objc; path = ViewController.m; sourceTree = "<group>"; };
		EC98783C1B4AA43B004AB1FC /* Base */ = {isa = PBXFileReference; lastKnownFileType = file.storyboard; name = Base; path = Base.lproj/Main.storyboard; sourceTree = "<group>"; };
		EC98783E1B4AA43B004AB1FC /* Images.xcassets */ = {isa = PBXFileReference; lastKnownFileType = folder.assetcatalog; path = Images.xcassets; sourceTree = "<group>"; };
		EC9878411B4AA43B004AB1FC /* Base */ = {isa = PBXFileReference; lastKnownFileType = file.xib; name = Base; path = Base.lproj/LaunchScreen.xib; sourceTree = "<group>"; };
		EC9878471B4AA43B004AB1FC /* HomeLoansTests.xctest */ = {isa = PBXFileReference; explicitFileType = wrapper.cfbundle; includeInIndex = 0; path = HomeLoansTests.xctest; sourceTree = BUILT_PRODUCTS_DIR; };
		EC98784C1B4AA43B004AB1FC /* Info.plist */ = {isa = PBXFileReference; lastKnownFileType = text.plist.xml; path = Info.plist; sourceTree = "<group>"; };
		EC98784D1B4AA43B004AB1FC /* HomeLoansTests.m */ = {isa = PBXFileReference; lastKnownFileType = sourcecode.c.objc; path = HomeLoansTests.m; sourceTree = "<group>"; };
/* End PBXFileReference section */

/* Begin PBXFrameworksBuildPhase section */
		EC98782B1B4AA43B004AB1FC /* Frameworks */ = {
			isa = PBXFrameworksBuildPhase;
			buildActionMask = 2147483647;
			files = (
			);
			runOnlyForDeploymentPostprocessing = 0;
		};
		EC9878441B4AA43B004AB1FC /* Frameworks */ = {
			isa = PBXFrameworksBuildPhase;
			buildActionMask = 2147483647;
			files = (
			);
			runOnlyForDeploymentPostprocessing = 0;
		};
/* End PBXFrameworksBuildPhase section */

/* Begin PBXGroup section */
		EC9878251B4AA43B004AB1FC = {
			isa = PBXGroup;
			children = (
				EC9878301B4AA43B004AB1FC /* HomeLoans */,
				EC98784A1B4AA43B004AB1FC /* HomeLoansTests */,
				EC98782F1B4AA43B004AB1FC /* Products */,
			);
			sourceTree = "<group>";
		};
		EC98782F1B4AA43B004AB1FC /* Products */ = {
			isa = PBXGroup;
			children = (
				EC98782E1B4AA43B004AB1FC /* HomeLoans.app */,
				EC9878471B4AA43B004AB1FC /* HomeLoansTests.xctest */,
			);
			name = Products;
			sourceTree = "<group>";
		};
		EC9878301B4AA43B004AB1FC /* HomeLoans */ = {
			isa = PBXGroup;
			children = (
				EC9878351B4AA43B004AB1FC /* AppDelegate.h */,
				EC9878361B4AA43B004AB1FC /* AppDelegate.m */,
				EC9878381B4AA43B004AB1FC /* ViewController.h */,
				EC9878391B4AA43B004AB1FC /* ViewController.m */,
				EC98783B1B4AA43B004AB1FC /* Main.storyboard */,
				EC98783E1B4AA43B004AB1FC /* Images.xcassets */,
				EC9878401B4AA43B004AB1FC /* LaunchScreen.xib */,
				EC9878311B4AA43B004AB1FC /* Supporting Files */,
			);
			path = HomeLoans;
			sourceTree = "<group>";
		};
		EC9878311B4AA43B004AB1FC /* Supporting Files */ = {
			isa = PBXGroup;
			children = (
				EC9878321B4AA43B004AB1FC /* Info.plist */,
				EC9878331B4AA43B004AB1FC /* main.m */,
			);
			name = "Supporting Files";
			sourceTree = "<group>";
		};
		EC98784A1B4AA43B004AB1FC /* HomeLoansTests */ = {
			isa = PBXGroup;
			children = (
				EC98784D1B4AA43B004AB1FC /* HomeLoansTests.m */,
				EC98784B1B4AA43B004AB1FC /* Supporting Files */,
			);
			path = HomeLoansTests;
			sourceTree = "<group>";
		};
		EC98784B1B4AA43B004AB1FC /* Supporting Files */ = {
			isa = PBXGroup;
			children = (
				EC98784C1B4AA43B004AB1FC /* Info.plist */,
			);
			name = "Supporting Files";
			sourceTree = "<group>";
		};
/* End PBXGroup section */

/* Begin PBXNativeTarget section */
		EC98782D1B4AA43B004AB1FC /* HomeLoans */ = {
			isa = PBXNativeTarget;
			buildConfigurationList = EC9878511B4AA43B004AB1FC /* Build configuration list for PBXNativeTarget "HomeLoans" */;
			buildPhases = (
				EC98782A1B4AA43B004AB1FC /* Sources */,
				EC98782B1B4AA43B004AB1FC /* Frameworks */,
				EC98782C1B4AA43B004AB1FC /* Resources */,
			);
			buildRules = (
			);
			dependencies = (
			);
			name = HomeLoans;
			productName = HomeLoans;
			productReference = EC98782E1B4AA43B004AB1FC /* HomeLoans.app */;
			productType = "com.apple.product-type.application";
		};
		EC9878461B4AA43B004AB1FC /* HomeLoansTests */ = {
			isa = PBXNativeTarget;
			buildConfigurationList = EC9878541B4AA43B004AB1FC /* Build configuration list for PBXNativeTarget "HomeLoansTests" */;
			buildPhases = (
				EC9878431B4AA43B004AB1FC /* Sources */,
				EC9878441B4AA43B004AB1FC /* Frameworks */,
				EC9878451B4AA43B004AB1FC /* Resources */,
			);
			buildRules = (
			);
			dependencies = (
				EC9878491B4AA43B004AB1FC /* PBXTargetDependency */,
			);
			name = HomeLoansTests;
			productName = HomeLoansTests;
			productReference = EC9878471B4AA43B004AB1FC /* HomeLoansTests.xctest */;
			productType = "com.apple.product-type.bundle.unit-test";
		};
/* End PBXNativeTarget section */

/* Begin PBXProject section */
		EC9878261B4AA43B004AB1FC /* Project object */ = {
			isa = PBXProject;
			attributes = {
				LastUpgradeCheck = 0630;
				ORGANIZATIONNAME = MW;
				TargetAttributes = {
					EC98782D1B4AA43B004AB1FC = {
						CreatedOnToolsVersion = 6.3.2;
					};
					EC9878461B4AA43B004AB1FC = {
						CreatedOnToolsVersion = 6.3.2;
						TestTargetID = EC98782D1B4AA43B004AB1FC;
					};
				};
			};
			buildConfigurationList = EC9878291B4AA43B004AB1FC /* Build configuration list for PBXProject "HomeLoans" */;
			compatibilityVersion = "Xcode 3.2";
			developmentRegion = English;
			hasScannedForEncodings = 0;
			knownRegions = (
				en,
				Base,
			);
			mainGroup = EC9878251B4AA43B004AB1FC;
			productRefGroup = EC98782F1B4AA43B004AB1FC /* Products */;
			projectDirPath = "";
			projectRoot = "";
			targets = (
				EC98782D1B4AA43B004AB1FC /* HomeLoans */,
				EC9878461B4AA43B004AB1FC /* HomeLoansTests */,
			);
		};
/* End PBXProject section */

/* Begin PBXResourcesBuildPhase section */
		EC98782C1B4AA43B004AB1FC /* Resources */ = {
			isa = PBXResourcesBuildPhase;
			buildActionMask = 2147483647;
			files = (
				EC98783D1B4AA43B004AB1FC /* Main.storyboard in Resources */,
				EC9878421B4AA43B004AB1FC /* LaunchScreen.xib in Resources */,
				EC98783F1B4AA43B004AB1FC /* Images.xcassets in Resources */,
			);
			runOnlyForDeploymentPostprocessing = 0;
		};
		EC9878451B4AA43B004AB1FC /* Resources */ = {
			isa = PBXResourcesBuildPhase;
			buildActionMask = 2147483647;
			files = (
			);
			runOnlyForDeploymentPostprocessing = 0;
		};
/* End PBXResourcesBuildPhase section */

/* Begin PBXSourcesBuildPhase section */
		EC98782A1B4AA43B004AB1FC /* Sources */ = {
			isa = PBXSourcesBuildPhase;
			buildActionMask = 2147483647;
			files = (
				EC98783A1B4AA43B004AB1FC /* ViewController.m in Sources */,
				EC9878371B4AA43B004AB1FC /* AppDelegate.m in Sources */,
				EC9878341B4AA43B004AB1FC /* main.m in Sources */,
			);
			runOnlyForDeploymentPostprocessing = 0;
		};
		EC9878431B4AA43B004AB1FC /* Sources */ = {
			isa = PBXSourcesBuildPhase;
			buildActionMask = 2147483647;
			files = (
				EC98784E1B4AA43B004AB1FC /* HomeLoansTests.m in Sources */,
			);
			runOnlyForDeploymentPostprocessing = 0;
		};
/* End PBXSourcesBuildPhase section */

/* Begin PBXTargetDependency section */
		EC9878491B4AA43B004AB1FC /* PBXTargetDependency */ = {
			isa = PBXTargetDependency;
			target = EC98782D1B4AA43B004AB1FC /* HomeLoans */;
			targetProxy = EC9878481B4AA43B004AB1FC /* PBXContainerItemProxy */;
		};
/* End PBXTargetDependency section */

/* Begin PBXVariantGroup section */
		EC98783B1B4AA43B004AB1FC /* Main.storyboard */ = {
			isa = PBXVariantGroup;
			children = (
				EC98783C1B4AA43B004AB1FC /* Base */,
			);
			name = Main.storyboard;
			sourceTree = "<group>";
		};
		EC9878401B4AA43B004AB1FC /* LaunchScreen.xib */ = {
			isa = PBXVariantGroup;
			children = (
				EC9878411B4AA43B004AB1FC /* Base */,
			);
			name = LaunchScreen.xib;
			sourceTree = "<group>";
		};
/* End PBXVariantGroup section */

/* Begin XCBuildConfiguration section */
		EC98784F1B4AA43B004AB1FC /* Debug */ = {
			isa = XCBuildConfiguration;
			buildSettings = {
				ALWAYS_SEARCH_USER_PATHS = NO;
				CLANG_CXX_LANGUAGE_STANDARD = "gnu++0x";
				CLANG_CXX_LIBRARY = "libc++";
				CLANG_ENABLE_MODULES = YES;
				CLANG_ENABLE_OBJC_ARC = YES;
				CLANG_WARN_BOOL_CONVERSION = YES;
				CLANG_WARN_CONSTANT_CONVERSION = YES;
				CLANG_WARN_DIRECT_OBJC_ISA_USAGE = YES_ERROR;
				CLANG_WARN_EMPTY_BODY = YES;
				CLANG_WARN_ENUM_CONVERSION = YES;
				CLANG_WARN_INT_CONVERSION = YES;
				CLANG_WARN_OBJC_ROOT_CLASS = YES_ERROR;
				CLANG_WARN_UNREACHABLE_CODE = YES;
				CLANG_WARN__DUPLICATE_METHOD_MATCH = YES;
				"CODE_SIGN_IDENTITY[sdk=iphoneos*]" = "iPhone Developer";
				COPY_PHASE_STRIP = NO;
				DEBUG_INFORMATION_FORMAT = "dwarf-with-dsym";
				ENABLE_STRICT_OBJC_MSGSEND = YES;
				GCC_C_LANGUAGE_STANDARD = gnu99;
				GCC_DYNAMIC_NO_PIC = NO;
				GCC_NO_COMMON_BLOCKS = YES;
				GCC_OPTIMIZATION_LEVEL = 0;
				GCC_PREPROCESSOR_DEFINITIONS = (
					"DEBUG=1",
					"$(inherited)",
				);
				GCC_SYMBOLS_PRIVATE_EXTERN = NO;
				GCC_WARN_64_TO_32_BIT_CONVERSION = YES;
				GCC_WARN_ABOUT_RETURN_TYPE = YES_ERROR;
				GCC_WARN_UNDECLARED_SELECTOR = YES;
				GCC_WARN_UNINITIALIZED_AUTOS = YES_AGGRESSIVE;
				GCC_WARN_UNUSED_FUNCTION = YES;
				GCC_WARN_UNUSED_VARIABLE = YES;
				IPHONEOS_DEPLOYMENT_TARGET = 8.3;
				MTL_ENABLE_DEBUG_INFO = YES;
				ONLY_ACTIVE_ARCH = YES;
				SDKROOT = iphoneos;
				TARGETED_DEVICE_FAMILY = 2;
			};
			name = Debug;
		};
		EC9878501B4AA43B004AB1FC /* Release */ = {
			isa = XCBuildConfiguration;
			buildSettings = {
				ALWAYS_SEARCH_USER_PATHS = NO;
				CLANG_CXX_LANGUAGE_STANDARD = "gnu++0x";
				CLANG_CXX_LIBRARY = "libc++";
				CLANG_ENABLE_MODULES = YES;
				CLANG_ENABLE_OBJC_ARC = YES;
				CLANG_WARN_BOOL_CONVERSION = YES;
				CLANG_WARN_CONSTANT_CONVERSION = YES;
				CLANG_WARN_DIRECT_OBJC_ISA_USAGE = YES_ERROR;
				CLANG_WARN_EMPTY_BODY = YES;
				CLANG_WARN_ENUM_CONVERSION = YES;
				CLANG_WARN_INT_CONVERSION = YES;
				CLANG_WARN_OBJC_ROOT_CLASS = YES_ERROR;
				CLANG_WARN_UNREACHABLE_CODE = YES;
				CLANG_WARN__DUPLICATE_METHOD_MATCH = YES;
				"CODE_SIGN_IDENTITY[sdk=iphoneos*]" = "iPhone Developer";
				COPY_PHASE_STRIP = NO;
				DEBUG_INFORMATION_FORMAT = "dwarf-with-dsym";
				ENABLE_NS_ASSERTIONS = NO;
				ENABLE_STRICT_OBJC_MSGSEND = YES;
				GCC_C_LANGUAGE_STANDARD = gnu99;
				GCC_NO_COMMON_BLOCKS = YES;
				GCC_WARN_64_TO_32_BIT_CONVERSION = YES;
				GCC_WARN_ABOUT_RETURN_TYPE = YES_ERROR;
				GCC_WARN_UNDECLARED_SELECTOR = YES;
				GCC_WARN_UNINITIALIZED_AUTOS = YES_AGGRESSIVE;
				GCC_WARN_UNUSED_FUNCTION = YES;
				GCC_WARN_UNUSED_VARIABLE = YES;
				IPHONEOS_DEPLOYMENT_TARGET = 8.3;
				MTL_ENABLE_DEBUG_INFO = NO;
				SDKROOT = iphoneos;
				TARGETED_DEVICE_FAMILY = 2;
				VALIDATE_PRODUCT = YES;
			};
			name = Release;
		};
		EC9878521B4AA43B004AB1FC /* Debug */ = {
			isa = XCBuildConfiguration;
			buildSettings = {
				ASSETCATALOG_COMPILER_APPICON_NAME = AppIcon;
				INFOPLIST_FILE = HomeLoans/Info.plist;
				LD_RUNPATH_SEARCH_PATHS = "$(inherited) @executable_path/Frameworks";
				PRODUCT_NAME = "$(TARGET_NAME)";
			};
			name = Debug;
		};
		EC9878531B4AA43B004AB1FC /* Release */ = {
			isa = XCBuildConfiguration;
			buildSettings = {
				ASSETCATALOG_COMPILER_APPICON_NAME = AppIcon;
				INFOPLIST_FILE = HomeLoans/Info.plist;
				LD_RUNPATH_SEARCH_PATHS = "$(inherited) @executable_path/Frameworks";
				PRODUCT_NAME = "$(TARGET_NAME)";
			};
			name = Release;
		};
		EC9878551B4AA43B004AB1FC /* Debug */ = {
			isa = XCBuildConfiguration;
			buildSettings = {
				BUNDLE_LOADER = "$(TEST_HOST)";
				FRAMEWORK_SEARCH_PATHS = (
					"$(SDKROOT)/Developer/Library/Frameworks",
					"$(inherited)",
				);
				GCC_PREPROCESSOR_DEFINITIONS = (
					"DEBUG=1",
					"$(inherited)",
				);
				INFOPLIST_FILE = HomeLoansTests/Info.plist;
				LD_RUNPATH_SEARCH_PATHS = "$(inherited) @executable_path/Frameworks @loader_path/Frameworks";
				PRODUCT_NAME = "$(TARGET_NAME)";
				TEST_HOST = "$(BUILT_PRODUCTS_DIR)/HomeLoans.app/HomeLoans";
			};
			name = Debug;
		};
		EC9878561B4AA43B004AB1FC /* Release */ = {
			isa = XCBuildConfiguration;
			buildSettings = {
				BUNDLE_LOADER = "$(TEST_HOST)";
				FRAMEWORK_SEARCH_PATHS = (
					"$(SDKROOT)/Developer/Library/Frameworks",
					"$(inherited)",
				);
				INFOPLIST_FILE = HomeLoansTests/Info.plist;
				LD_RUNPATH_SEARCH_PATHS = "$(inherited) @executable_path/Frameworks @loader_path/Frameworks";
				PRODUCT_NAME = "$(TARGET_NAME)";
				TEST_HOST = "$(BUILT_PRODUCTS_DIR)/HomeLoans.app/HomeLoans";
			};
			name = Release;
		};
/* End XCBuildConfiguration section */

/* Begin XCConfigurationList section */
		EC9878291B4AA43B004AB1FC /* Build configuration list for PBXProject "HomeLoans" */ = {
			isa = XCConfigurationList;
			buildConfigurations = (
				EC98784F1B4AA43B004AB1FC /* Debug */,
				EC9878501B4AA43B004AB1FC /* Release */,
			);
			defaultConfigurationIsVisible = 0;
			defaultConfigurationName = Release;
		};
		EC9878511B4AA43B004AB1FC /* Build configuration list for PBXNativeTarget "HomeLoans" */ = {
			isa = XCConfigurationList;
			buildConfigurations = (
				EC9878521B4AA43B004AB1FC /* Debug */,
				EC9878531B4AA43B004AB1FC /* Release */,
			);
			defaultConfigurationIsVisible = 0;
		};
		EC9878541B4AA43B004AB1FC /* Build configuration list for PBXNativeTarget "HomeLoansTests" */ = {
			isa = XCConfigurationList;
			buildConfigurations = (
				EC9878551B4AA43B004AB1FC /* Debug */,
				EC9878561B4AA43B004AB1FC /* Release */,
			);
			defaultConfigurationIsVisible = 0;
		};
/* End XCConfigurationList section */
	};
	rootObject = EC9878261B4AA43B004AB1FC /* Project object */;
}
