// !$*UTF8*$!
{
	archiveVersion = 1;
	classes = {
	};
	objectVersion = 46;
	objects = {

/* Begin PBXBuildFile section */
		EC5CBFA91B4B05B2000BB381 /* CaptureOTPViewController.m in Sources */ = {isa = PBXBuildFile; fileRef = EC5CBFA81B4B05B2000BB381 /* CaptureOTPViewController.m */; };
		EC5CBFAC1B4B11EB000BB381 /* ConfirmOTPViewController.m in Sources */ = {isa = PBXBuildFile; fileRef = EC5CBFAB1B4B11EB000BB381 /* ConfirmOTPViewController.m */; };
		EC5CBFAF1B4B2302000BB381 /* AdditionalDocumentsViewController.m in Sources */ = {isa = PBXBuildFile; fileRef = EC5CBFAE1B4B2302000BB381 /* AdditionalDocumentsViewController.m */; };
		EC5CBFBE1B4B289F000BB381 /* checkbox_big_deselected.png in Resources */ = {isa = PBXBuildFile; fileRef = EC5CBFBA1B4B289F000BB381 /* checkbox_big_deselected.png */; };
		EC5CBFBF1B4B289F000BB381 /* checkbox_big_deselected@2x.png in Resources */ = {isa = PBXBuildFile; fileRef = EC5CBFBB1B4B289F000BB381 /* checkbox_big_deselected@2x.png */; };
		EC5CBFC01B4B289F000BB381 /* checkbox_big_selected.png in Resources */ = {isa = PBXBuildFile; fileRef = EC5CBFBC1B4B289F000BB381 /* checkbox_big_selected.png */; };
		EC5CBFC11B4B289F000BB381 /* checkbox_big_selected@2x.png in Resources */ = {isa = PBXBuildFile; fileRef = EC5CBFBD1B4B289F000BB381 /* checkbox_big_selected@2x.png */; };
		ECF753901B4AD85700931B67 /* main.m in Sources */ = {isa = PBXBuildFile; fileRef = ECF7538F1B4AD85700931B67 /* main.m */; };
		ECF753931B4AD85700931B67 /* AppDelegate.m in Sources */ = {isa = PBXBuildFile; fileRef = ECF753921B4AD85700931B67 /* AppDelegate.m */; };
		ECF753961B4AD85700931B67 /* ViewController.m in Sources */ = {isa = PBXBuildFile; fileRef = ECF753951B4AD85700931B67 /* ViewController.m */; };
		ECF753991B4AD85700931B67 /* Main.storyboard in Resources */ = {isa = PBXBuildFile; fileRef = ECF753971B4AD85700931B67 /* Main.storyboard */; };
		ECF7539B1B4AD85700931B67 /* Images.xcassets in Resources */ = {isa = PBXBuildFile; fileRef = ECF7539A1B4AD85700931B67 /* Images.xcassets */; };
		ECF7539E1B4AD85700931B67 /* LaunchScreen.xib in Resources */ = {isa = PBXBuildFile; fileRef = ECF7539C1B4AD85700931B67 /* LaunchScreen.xib */; };
		ECF753AA1B4AD85700931B67 /* homeloansTests.m in Sources */ = {isa = PBXBuildFile; fileRef = ECF753A91B4AD85700931B67 /* homeloansTests.m */; };
		ECF753B41B4AD9C600931B67 /* WindowsAzureMessaging.framework in Frameworks */ = {isa = PBXBuildFile; fileRef = ECF753B31B4AD9C600931B67 /* WindowsAzureMessaging.framework */; };
		ECF753B71B4ADEF100931B67 /* ApplicationViewController.m in Sources */ = {isa = PBXBuildFile; fileRef = ECF753B61B4ADEF100931B67 /* ApplicationViewController.m */; };
		ECF753C11B4ADF6B00931B67 /* RMStep.m in Sources */ = {isa = PBXBuildFile; fileRef = ECF753BC1B4ADF6B00931B67 /* RMStep.m */; };
		ECF753C21B4ADF6B00931B67 /* RMStepsBar.m in Sources */ = {isa = PBXBuildFile; fileRef = ECF753BE1B4ADF6B00931B67 /* RMStepsBar.m */; };
		ECF753C31B4ADF6B00931B67 /* RMStepsController.m in Sources */ = {isa = PBXBuildFile; fileRef = ECF753C01B4ADF6B00931B67 /* RMStepsController.m */; };
		ECF753C61B4AE00300931B67 /* CoreGraphics.framework in Frameworks */ = {isa = PBXBuildFile; fileRef = ECF753C51B4AE00300931B67 /* CoreGraphics.framework */; };
		ECF753C81B4AE03300931B67 /* UIKit.framework in Frameworks */ = {isa = PBXBuildFile; fileRef = ECF753C71B4AE03300931B67 /* UIKit.framework */; };
		ECF753CA1B4AE05700931B67 /* Foundation.framework in Frameworks */ = {isa = PBXBuildFile; fileRef = ECF753C91B4AE05700931B67 /* Foundation.framework */; };
		ECF753CD1B4AE1BD00931B67 /* ApplicationStepViewController.m in Sources */ = {isa = PBXBuildFile; fileRef = ECF753CC1B4AE1BD00931B67 /* ApplicationStepViewController.m */; };
/* End PBXBuildFile section */

/* Begin PBXContainerItemProxy section */
		ECF753A41B4AD85700931B67 /* PBXContainerItemProxy */ = {
			isa = PBXContainerItemProxy;
			containerPortal = ECF753821B4AD85700931B67 /* Project object */;
			proxyType = 1;
			remoteGlobalIDString = ECF753891B4AD85700931B67;
			remoteInfo = homeloans;
		};
/* End PBXContainerItemProxy section */

/* Begin PBXFileReference section */
		EC5CBFA71B4B05B2000BB381 /* CaptureOTPViewController.h */ = {isa = PBXFileReference; fileEncoding = 4; lastKnownFileType = sourcecode.c.h; path = CaptureOTPViewController.h; sourceTree = "<group>"; };
		EC5CBFA81B4B05B2000BB381 /* CaptureOTPViewController.m */ = {isa = PBXFileReference; fileEncoding = 4; lastKnownFileType = sourcecode.c.objc; path = CaptureOTPViewController.m; sourceTree = "<group>"; };
		EC5CBFAA1B4B11EB000BB381 /* ConfirmOTPViewController.h */ = {isa = PBXFileReference; fileEncoding = 4; lastKnownFileType = sourcecode.c.h; path = ConfirmOTPViewController.h; sourceTree = "<group>"; };
		EC5CBFAB1B4B11EB000BB381 /* ConfirmOTPViewController.m */ = {isa = PBXFileReference; fileEncoding = 4; lastKnownFileType = sourcecode.c.objc; path = ConfirmOTPViewController.m; sourceTree = "<group>"; };
		EC5CBFAD1B4B2301000BB381 /* AdditionalDocumentsViewController.h */ = {isa = PBXFileReference; fileEncoding = 4; lastKnownFileType = sourcecode.c.h; path = AdditionalDocumentsViewController.h; sourceTree = "<group>"; };
		EC5CBFAE1B4B2302000BB381 /* AdditionalDocumentsViewController.m */ = {isa = PBXFileReference; fileEncoding = 4; lastKnownFileType = sourcecode.c.objc; path = AdditionalDocumentsViewController.m; sourceTree = "<group>"; };
		EC5CBFBA1B4B289F000BB381 /* checkbox_big_deselected.png */ = {isa = PBXFileReference; lastKnownFileType = image.png; path = checkbox_big_deselected.png; sourceTree = "<group>"; };
		EC5CBFBB1B4B289F000BB381 /* checkbox_big_deselected@2x.png */ = {isa = PBXFileReference; lastKnownFileType = image.png; path = "checkbox_big_deselected@2x.png"; sourceTree = "<group>"; };
		EC5CBFBC1B4B289F000BB381 /* checkbox_big_selected.png */ = {isa = PBXFileReference; lastKnownFileType = image.png; path = checkbox_big_selected.png; sourceTree = "<group>"; };
		EC5CBFBD1B4B289F000BB381 /* checkbox_big_selected@2x.png */ = {isa = PBXFileReference; lastKnownFileType = image.png; path = "checkbox_big_selected@2x.png"; sourceTree = "<group>"; };
		ECF7538A1B4AD85700931B67 /* homeloans.app */ = {isa = PBXFileReference; explicitFileType = wrapper.application; includeInIndex = 0; path = homeloans.app; sourceTree = BUILT_PRODUCTS_DIR; };
		ECF7538E1B4AD85700931B67 /* Info.plist */ = {isa = PBXFileReference; lastKnownFileType = text.plist.xml; path = Info.plist; sourceTree = "<group>"; };
		ECF7538F1B4AD85700931B67 /* main.m */ = {isa = PBXFileReference; lastKnownFileType = sourcecode.c.objc; path = main.m; sourceTree = "<group>"; };
		ECF753911B4AD85700931B67 /* AppDelegate.h */ = {isa = PBXFileReference; lastKnownFileType = sourcecode.c.h; path = AppDelegate.h; sourceTree = "<group>"; };
		ECF753921B4AD85700931B67 /* AppDelegate.m */ = {isa = PBXFileReference; lastKnownFileType = sourcecode.c.objc; path = AppDelegate.m; sourceTree = "<group>"; };
		ECF753941B4AD85700931B67 /* ViewController.h */ = {isa = PBXFileReference; lastKnownFileType = sourcecode.c.h; path = ViewController.h; sourceTree = "<group>"; };
		ECF753951B4AD85700931B67 /* ViewController.m */ = {isa = PBXFileReference; lastKnownFileType = sourcecode.c.objc; path = ViewController.m; sourceTree = "<group>"; };
		ECF753981B4AD85700931B67 /* Base */ = {isa = PBXFileReference; lastKnownFileType = file.storyboard; name = Base; path = Base.lproj/Main.storyboard; sourceTree = "<group>"; };
		ECF7539A1B4AD85700931B67 /* Images.xcassets */ = {isa = PBXFileReference; lastKnownFileType = folder.assetcatalog; path = Images.xcassets; sourceTree = "<group>"; };
		ECF7539D1B4AD85700931B67 /* Base */ = {isa = PBXFileReference; lastKnownFileType = file.xib; name = Base; path = Base.lproj/LaunchScreen.xib; sourceTree = "<group>"; };
		ECF753A31B4AD85700931B67 /* homeloansTests.xctest */ = {isa = PBXFileReference; explicitFileType = wrapper.cfbundle; includeInIndex = 0; path = homeloansTests.xctest; sourceTree = BUILT_PRODUCTS_DIR; };
		ECF753A81B4AD85700931B67 /* Info.plist */ = {isa = PBXFileReference; lastKnownFileType = text.plist.xml; path = Info.plist; sourceTree = "<group>"; };
		ECF753A91B4AD85700931B67 /* homeloansTests.m */ = {isa = PBXFileReference; lastKnownFileType = sourcecode.c.objc; path = homeloansTests.m; sourceTree = "<group>"; };
		ECF753B31B4AD9C600931B67 /* WindowsAzureMessaging.framework */ = {isa = PBXFileReference; lastKnownFileType = wrapper.framework; path = WindowsAzureMessaging.framework; sourceTree = "<group>"; };
		ECF753B51B4ADEF100931B67 /* ApplicationViewController.h */ = {isa = PBXFileReference; fileEncoding = 4; lastKnownFileType = sourcecode.c.h; path = ApplicationViewController.h; sourceTree = "<group>"; };
		ECF753B61B4ADEF100931B67 /* ApplicationViewController.m */ = {isa = PBXFileReference; fileEncoding = 4; lastKnownFileType = sourcecode.c.objc; path = ApplicationViewController.m; sourceTree = "<group>"; };
		ECF753BB1B4ADF6B00931B67 /* RMStep.h */ = {isa = PBXFileReference; fileEncoding = 4; lastKnownFileType = sourcecode.c.h; path = RMStep.h; sourceTree = "<group>"; };
		ECF753BC1B4ADF6B00931B67 /* RMStep.m */ = {isa = PBXFileReference; fileEncoding = 4; lastKnownFileType = sourcecode.c.objc; path = RMStep.m; sourceTree = "<group>"; };
		ECF753BD1B4ADF6B00931B67 /* RMStepsBar.h */ = {isa = PBXFileReference; fileEncoding = 4; lastKnownFileType = sourcecode.c.h; path = RMStepsBar.h; sourceTree = "<group>"; };
		ECF753BE1B4ADF6B00931B67 /* RMStepsBar.m */ = {isa = PBXFileReference; fileEncoding = 4; lastKnownFileType = sourcecode.c.objc; path = RMStepsBar.m; sourceTree = "<group>"; };
		ECF753BF1B4ADF6B00931B67 /* RMStepsController.h */ = {isa = PBXFileReference; fileEncoding = 4; lastKnownFileType = sourcecode.c.h; path = RMStepsController.h; sourceTree = "<group>"; };
		ECF753C01B4ADF6B00931B67 /* RMStepsController.m */ = {isa = PBXFileReference; fileEncoding = 4; lastKnownFileType = sourcecode.c.objc; path = RMStepsController.m; sourceTree = "<group>"; };
		ECF753C51B4AE00300931B67 /* CoreGraphics.framework */ = {isa = PBXFileReference; lastKnownFileType = wrapper.framework; name = CoreGraphics.framework; path = System/Library/Frameworks/CoreGraphics.framework; sourceTree = SDKROOT; };
		ECF753C71B4AE03300931B67 /* UIKit.framework */ = {isa = PBXFileReference; lastKnownFileType = wrapper.framework; name = UIKit.framework; path = System/Library/Frameworks/UIKit.framework; sourceTree = SDKROOT; };
		ECF753C91B4AE05700931B67 /* Foundation.framework */ = {isa = PBXFileReference; lastKnownFileType = wrapper.framework; name = Foundation.framework; path = System/Library/Frameworks/Foundation.framework; sourceTree = SDKROOT; };
		ECF753CB1B4AE1BD00931B67 /* ApplicationStepViewController.h */ = {isa = PBXFileReference; fileEncoding = 4; lastKnownFileType = sourcecode.c.h; path = ApplicationStepViewController.h; sourceTree = "<group>"; };
		ECF753CC1B4AE1BD00931B67 /* ApplicationStepViewController.m */ = {isa = PBXFileReference; fileEncoding = 4; lastKnownFileType = sourcecode.c.objc; path = ApplicationStepViewController.m; sourceTree = "<group>"; };
/* End PBXFileReference section */

/* Begin PBXFrameworksBuildPhase section */
		ECF753871B4AD85700931B67 /* Frameworks */ = {
			isa = PBXFrameworksBuildPhase;
			buildActionMask = 2147483647;
			files = (
				ECF753CA1B4AE05700931B67 /* Foundation.framework in Frameworks */,
				ECF753C81B4AE03300931B67 /* UIKit.framework in Frameworks */,
				ECF753C61B4AE00300931B67 /* CoreGraphics.framework in Frameworks */,
				ECF753B41B4AD9C600931B67 /* WindowsAzureMessaging.framework in Frameworks */,
			);
			runOnlyForDeploymentPostprocessing = 0;
		};
		ECF753A01B4AD85700931B67 /* Frameworks */ = {
			isa = PBXFrameworksBuildPhase;
			buildActionMask = 2147483647;
			files = (
			);
			runOnlyForDeploymentPostprocessing = 0;
		};
/* End PBXFrameworksBuildPhase section */

/* Begin PBXGroup section */
		EC5CBFB91B4B288D000BB381 /* images */ = {
			isa = PBXGroup;
			children = (
				EC5CBFBA1B4B289F000BB381 /* checkbox_big_deselected.png */,
				EC5CBFBB1B4B289F000BB381 /* checkbox_big_deselected@2x.png */,
				EC5CBFBC1B4B289F000BB381 /* checkbox_big_selected.png */,
				EC5CBFBD1B4B289F000BB381 /* checkbox_big_selected@2x.png */,
			);
			name = images;
			sourceTree = "<group>";
		};
		ECF753811B4AD85700931B67 = {
			isa = PBXGroup;
			children = (
				ECF753C91B4AE05700931B67 /* Foundation.framework */,
				ECF753C71B4AE03300931B67 /* UIKit.framework */,
				ECF753B31B4AD9C600931B67 /* WindowsAzureMessaging.framework */,
				ECF753C51B4AE00300931B67 /* CoreGraphics.framework */,
				ECF7538C1B4AD85700931B67 /* homeloans */,
				ECF753A61B4AD85700931B67 /* homeloansTests */,
				ECF7538B1B4AD85700931B67 /* Products */,
			);
			sourceTree = "<group>";
		};
		ECF7538B1B4AD85700931B67 /* Products */ = {
			isa = PBXGroup;
			children = (
				ECF7538A1B4AD85700931B67 /* homeloans.app */,
				ECF753A31B4AD85700931B67 /* homeloansTests.xctest */,
			);
			name = Products;
			sourceTree = "<group>";
		};
		ECF7538C1B4AD85700931B67 /* homeloans */ = {
			isa = PBXGroup;
			children = (
				ECF753911B4AD85700931B67 /* AppDelegate.h */,
				ECF753921B4AD85700931B67 /* AppDelegate.m */,
				ECF753B51B4ADEF100931B67 /* ApplicationViewController.h */,
				ECF753B61B4ADEF100931B67 /* ApplicationViewController.m */,
				ECF753CB1B4AE1BD00931B67 /* ApplicationStepViewController.h */,
				ECF753CC1B4AE1BD00931B67 /* ApplicationStepViewController.m */,
				ECF753941B4AD85700931B67 /* ViewController.h */,
				ECF753951B4AD85700931B67 /* ViewController.m */,
				ECF753BB1B4ADF6B00931B67 /* RMStep.h */,
				ECF753BC1B4ADF6B00931B67 /* RMStep.m */,
				ECF753BD1B4ADF6B00931B67 /* RMStepsBar.h */,
				ECF753BE1B4ADF6B00931B67 /* RMStepsBar.m */,
				ECF753BF1B4ADF6B00931B67 /* RMStepsController.h */,
				ECF753C01B4ADF6B00931B67 /* RMStepsController.m */,
				ECF753971B4AD85700931B67 /* Main.storyboard */,
				EC5CBFB91B4B288D000BB381 /* images */,
				ECF7539A1B4AD85700931B67 /* Images.xcassets */,
				ECF7539C1B4AD85700931B67 /* LaunchScreen.xib */,
				ECF7538D1B4AD85700931B67 /* Supporting Files */,
				EC5CBFA71B4B05B2000BB381 /* CaptureOTPViewController.h */,
				EC5CBFA81B4B05B2000BB381 /* CaptureOTPViewController.m */,
				EC5CBFAA1B4B11EB000BB381 /* ConfirmOTPViewController.h */,
				EC5CBFAB1B4B11EB000BB381 /* ConfirmOTPViewController.m */,
				EC5CBFAD1B4B2301000BB381 /* AdditionalDocumentsViewController.h */,
				EC5CBFAE1B4B2302000BB381 /* AdditionalDocumentsViewController.m */,
			);
			path = homeloans;
			sourceTree = "<group>";
		};
		ECF7538D1B4AD85700931B67 /* Supporting Files */ = {
			isa = PBXGroup;
			children = (
				ECF7538E1B4AD85700931B67 /* Info.plist */,
				ECF7538F1B4AD85700931B67 /* main.m */,
			);
			name = "Supporting Files";
			sourceTree = "<group>";
		};
		ECF753A61B4AD85700931B67 /* homeloansTests */ = {
			isa = PBXGroup;
			children = (
				ECF753A91B4AD85700931B67 /* homeloansTests.m */,
				ECF753A71B4AD85700931B67 /* Supporting Files */,
			);
			path = homeloansTests;
			sourceTree = "<group>";
		};
		ECF753A71B4AD85700931B67 /* Supporting Files */ = {
			isa = PBXGroup;
			children = (
				ECF753A81B4AD85700931B67 /* Info.plist */,
			);
			name = "Supporting Files";
			sourceTree = "<group>";
		};
/* End PBXGroup section */

/* Begin PBXNativeTarget section */
		ECF753891B4AD85700931B67 /* homeloans */ = {
			isa = PBXNativeTarget;
			buildConfigurationList = ECF753AD1B4AD85700931B67 /* Build configuration list for PBXNativeTarget "homeloans" */;
			buildPhases = (
				ECF753861B4AD85700931B67 /* Sources */,
				ECF753871B4AD85700931B67 /* Frameworks */,
				ECF753881B4AD85700931B67 /* Resources */,
			);
			buildRules = (
			);
			dependencies = (
			);
			name = homeloans;
			productName = homeloans;
			productReference = ECF7538A1B4AD85700931B67 /* homeloans.app */;
			productType = "com.apple.product-type.application";
		};
		ECF753A21B4AD85700931B67 /* homeloansTests */ = {
			isa = PBXNativeTarget;
			buildConfigurationList = ECF753B01B4AD85700931B67 /* Build configuration list for PBXNativeTarget "homeloansTests" */;
			buildPhases = (
				ECF7539F1B4AD85700931B67 /* Sources */,
				ECF753A01B4AD85700931B67 /* Frameworks */,
				ECF753A11B4AD85700931B67 /* Resources */,
			);
			buildRules = (
			);
			dependencies = (
				ECF753A51B4AD85700931B67 /* PBXTargetDependency */,
			);
			name = homeloansTests;
			productName = homeloansTests;
			productReference = ECF753A31B4AD85700931B67 /* homeloansTests.xctest */;
			productType = "com.apple.product-type.bundle.unit-test";
		};
/* End PBXNativeTarget section */

/* Begin PBXProject section */
		ECF753821B4AD85700931B67 /* Project object */ = {
			isa = PBXProject;
			attributes = {
				LastUpgradeCheck = 0630;
				ORGANIZATIONNAME = MW;
				TargetAttributes = {
					ECF753891B4AD85700931B67 = {
						CreatedOnToolsVersion = 6.3.2;
					};
					ECF753A21B4AD85700931B67 = {
						CreatedOnToolsVersion = 6.3.2;
						TestTargetID = ECF753891B4AD85700931B67;
					};
				};
			};
			buildConfigurationList = ECF753851B4AD85700931B67 /* Build configuration list for PBXProject "homeloans" */;
			compatibilityVersion = "Xcode 3.2";
			developmentRegion = English;
			hasScannedForEncodings = 0;
			knownRegions = (
				en,
				Base,
			);
			mainGroup = ECF753811B4AD85700931B67;
			productRefGroup = ECF7538B1B4AD85700931B67 /* Products */;
			projectDirPath = "";
			projectRoot = "";
			targets = (
				ECF753891B4AD85700931B67 /* homeloans */,
				ECF753A21B4AD85700931B67 /* homeloansTests */,
			);
		};
/* End PBXProject section */

/* Begin PBXResourcesBuildPhase section */
		ECF753881B4AD85700931B67 /* Resources */ = {
			isa = PBXResourcesBuildPhase;
			buildActionMask = 2147483647;
			files = (
				EC5CBFBF1B4B289F000BB381 /* checkbox_big_deselected@2x.png in Resources */,
				ECF753991B4AD85700931B67 /* Main.storyboard in Resources */,
				EC5CBFC11B4B289F000BB381 /* checkbox_big_selected@2x.png in Resources */,
				ECF7539E1B4AD85700931B67 /* LaunchScreen.xib in Resources */,
				ECF7539B1B4AD85700931B67 /* Images.xcassets in Resources */,
				EC5CBFC01B4B289F000BB381 /* checkbox_big_selected.png in Resources */,
				EC5CBFBE1B4B289F000BB381 /* checkbox_big_deselected.png in Resources */,
			);
			runOnlyForDeploymentPostprocessing = 0;
		};
		ECF753A11B4AD85700931B67 /* Resources */ = {
			isa = PBXResourcesBuildPhase;
			buildActionMask = 2147483647;
			files = (
			);
			runOnlyForDeploymentPostprocessing = 0;
		};
/* End PBXResourcesBuildPhase section */

/* Begin PBXSourcesBuildPhase section */
		ECF753861B4AD85700931B67 /* Sources */ = {
			isa = PBXSourcesBuildPhase;
			buildActionMask = 2147483647;
			files = (
				ECF753931B4AD85700931B67 /* AppDelegate.m in Sources */,
				ECF753CD1B4AE1BD00931B67 /* ApplicationStepViewController.m in Sources */,
				ECF753961B4AD85700931B67 /* ViewController.m in Sources */,
				ECF753B71B4ADEF100931B67 /* ApplicationViewController.m in Sources */,
				ECF753901B4AD85700931B67 /* main.m in Sources */,
				EC5CBFA91B4B05B2000BB381 /* CaptureOTPViewController.m in Sources */,
				ECF753C11B4ADF6B00931B67 /* RMStep.m in Sources */,
				EC5CBFAC1B4B11EB000BB381 /* ConfirmOTPViewController.m in Sources */,
				EC5CBFAF1B4B2302000BB381 /* AdditionalDocumentsViewController.m in Sources */,
				ECF753C21B4ADF6B00931B67 /* RMStepsBar.m in Sources */,
				ECF753C31B4ADF6B00931B67 /* RMStepsController.m in Sources */,
			);
			runOnlyForDeploymentPostprocessing = 0;
		};
		ECF7539F1B4AD85700931B67 /* Sources */ = {
			isa = PBXSourcesBuildPhase;
			buildActionMask = 2147483647;
			files = (
				ECF753AA1B4AD85700931B67 /* homeloansTests.m in Sources */,
			);
			runOnlyForDeploymentPostprocessing = 0;
		};
/* End PBXSourcesBuildPhase section */

/* Begin PBXTargetDependency section */
		ECF753A51B4AD85700931B67 /* PBXTargetDependency */ = {
			isa = PBXTargetDependency;
			target = ECF753891B4AD85700931B67 /* homeloans */;
			targetProxy = ECF753A41B4AD85700931B67 /* PBXContainerItemProxy */;
		};
/* End PBXTargetDependency section */

/* Begin PBXVariantGroup section */
		ECF753971B4AD85700931B67 /* Main.storyboard */ = {
			isa = PBXVariantGroup;
			children = (
				ECF753981B4AD85700931B67 /* Base */,
			);
			name = Main.storyboard;
			sourceTree = "<group>";
		};
		ECF7539C1B4AD85700931B67 /* LaunchScreen.xib */ = {
			isa = PBXVariantGroup;
			children = (
				ECF7539D1B4AD85700931B67 /* Base */,
			);
			name = LaunchScreen.xib;
			sourceTree = "<group>";
		};
/* End PBXVariantGroup section */

/* Begin XCBuildConfiguration section */
		ECF753AB1B4AD85700931B67 /* Debug */ = {
			isa = XCBuildConfiguration;
			buildSettings = {
				ALWAYS_SEARCH_USER_PATHS = NO;
				CLANG_CXX_LANGUAGE_STANDARD = "gnu++0x";
				CLANG_CXX_LIBRARY = "libc++";
				CLANG_ENABLE_MODULES = YES;
				CLANG_ENABLE_OBJC_ARC = YES;
				CLANG_WARN_BOOL_CONVERSION = YES;
				CLANG_WARN_CONSTANT_CONVERSION = YES;
				CLANG_WARN_DIRECT_OBJC_ISA_USAGE = YES_ERROR;
				CLANG_WARN_EMPTY_BODY = YES;
				CLANG_WARN_ENUM_CONVERSION = YES;
				CLANG_WARN_INT_CONVERSION = YES;
				CLANG_WARN_OBJC_ROOT_CLASS = YES_ERROR;
				CLANG_WARN_UNREACHABLE_CODE = YES;
				CLANG_WARN__DUPLICATE_METHOD_MATCH = YES;
				"CODE_SIGN_IDENTITY[sdk=iphoneos*]" = "iPhone Developer";
				COPY_PHASE_STRIP = NO;
				DEBUG_INFORMATION_FORMAT = "dwarf-with-dsym";
				ENABLE_STRICT_OBJC_MSGSEND = YES;
				GCC_C_LANGUAGE_STANDARD = gnu99;
				GCC_DYNAMIC_NO_PIC = NO;
				GCC_NO_COMMON_BLOCKS = YES;
				GCC_OPTIMIZATION_LEVEL = 0;
				GCC_PREPROCESSOR_DEFINITIONS = (
					"DEBUG=1",
					"$(inherited)",
				);
				GCC_SYMBOLS_PRIVATE_EXTERN = NO;
				GCC_WARN_64_TO_32_BIT_CONVERSION = YES;
				GCC_WARN_ABOUT_RETURN_TYPE = YES_ERROR;
				GCC_WARN_UNDECLARED_SELECTOR = YES;
				GCC_WARN_UNINITIALIZED_AUTOS = YES_AGGRESSIVE;
				GCC_WARN_UNUSED_FUNCTION = YES;
				GCC_WARN_UNUSED_VARIABLE = YES;
				IPHONEOS_DEPLOYMENT_TARGET = 8.3;
				MTL_ENABLE_DEBUG_INFO = YES;
				ONLY_ACTIVE_ARCH = YES;
				SDKROOT = iphoneos;
				TARGETED_DEVICE_FAMILY = "1,2";
			};
			name = Debug;
		};
		ECF753AC1B4AD85700931B67 /* Release */ = {
			isa = XCBuildConfiguration;
			buildSettings = {
				ALWAYS_SEARCH_USER_PATHS = NO;
				CLANG_CXX_LANGUAGE_STANDARD = "gnu++0x";
				CLANG_CXX_LIBRARY = "libc++";
				CLANG_ENABLE_MODULES = YES;
				CLANG_ENABLE_OBJC_ARC = YES;
				CLANG_WARN_BOOL_CONVERSION = YES;
				CLANG_WARN_CONSTANT_CONVERSION = YES;
				CLANG_WARN_DIRECT_OBJC_ISA_USAGE = YES_ERROR;
				CLANG_WARN_EMPTY_BODY = YES;
				CLANG_WARN_ENUM_CONVERSION = YES;
				CLANG_WARN_INT_CONVERSION = YES;
				CLANG_WARN_OBJC_ROOT_CLASS = YES_ERROR;
				CLANG_WARN_UNREACHABLE_CODE = YES;
				CLANG_WARN__DUPLICATE_METHOD_MATCH = YES;
				"CODE_SIGN_IDENTITY[sdk=iphoneos*]" = "iPhone Developer";
				COPY_PHASE_STRIP = NO;
				DEBUG_INFORMATION_FORMAT = "dwarf-with-dsym";
				ENABLE_NS_ASSERTIONS = NO;
				ENABLE_STRICT_OBJC_MSGSEND = YES;
				GCC_C_LANGUAGE_STANDARD = gnu99;
				GCC_NO_COMMON_BLOCKS = YES;
				GCC_WARN_64_TO_32_BIT_CONVERSION = YES;
				GCC_WARN_ABOUT_RETURN_TYPE = YES_ERROR;
				GCC_WARN_UNDECLARED_SELECTOR = YES;
				GCC_WARN_UNINITIALIZED_AUTOS = YES_AGGRESSIVE;
				GCC_WARN_UNUSED_FUNCTION = YES;
				GCC_WARN_UNUSED_VARIABLE = YES;
				IPHONEOS_DEPLOYMENT_TARGET = 8.3;
				MTL_ENABLE_DEBUG_INFO = NO;
				SDKROOT = iphoneos;
				TARGETED_DEVICE_FAMILY = "1,2";
				VALIDATE_PRODUCT = YES;
			};
			name = Release;
		};
		ECF753AE1B4AD85700931B67 /* Debug */ = {
			isa = XCBuildConfiguration;
			buildSettings = {
				ASSETCATALOG_COMPILER_APPICON_NAME = AppIcon;
				FRAMEWORK_SEARCH_PATHS = (
					"$(inherited)",
					"$(PROJECT_DIR)",
				);
				INFOPLIST_FILE = homeloans/Info.plist;
				LD_RUNPATH_SEARCH_PATHS = "$(inherited) @executable_path/Frameworks";
				PRODUCT_NAME = "$(TARGET_NAME)";
				PROVISIONING_PROFILE = "5d9c753c-35d9-4468-a17c-5dafd2add506";
			};
			name = Debug;
		};
		ECF753AF1B4AD85700931B67 /* Release */ = {
			isa = XCBuildConfiguration;
			buildSettings = {
				ASSETCATALOG_COMPILER_APPICON_NAME = AppIcon;
				FRAMEWORK_SEARCH_PATHS = (
					"$(inherited)",
					"$(PROJECT_DIR)",
				);
				INFOPLIST_FILE = homeloans/Info.plist;
				LD_RUNPATH_SEARCH_PATHS = "$(inherited) @executable_path/Frameworks";
				PRODUCT_NAME = "$(TARGET_NAME)";
				PROVISIONING_PROFILE = "5d9c753c-35d9-4468-a17c-5dafd2add506";
			};
			name = Release;
		};
		ECF753B11B4AD85700931B67 /* Debug */ = {
			isa = XCBuildConfiguration;
			buildSettings = {
				BUNDLE_LOADER = "$(TEST_HOST)";
				FRAMEWORK_SEARCH_PATHS = (
					"$(SDKROOT)/Developer/Library/Frameworks",
					"$(inherited)",
				);
				GCC_PREPROCESSOR_DEFINITIONS = (
					"DEBUG=1",
					"$(inherited)",
				);
				INFOPLIST_FILE = homeloansTests/Info.plist;
				LD_RUNPATH_SEARCH_PATHS = "$(inherited) @executable_path/Frameworks @loader_path/Frameworks";
				PRODUCT_NAME = "$(TARGET_NAME)";
				TEST_HOST = "$(BUILT_PRODUCTS_DIR)/homeloans.app/homeloans";
			};
			name = Debug;
		};
		ECF753B21B4AD85700931B67 /* Release */ = {
			isa = XCBuildConfiguration;
			buildSettings = {
				BUNDLE_LOADER = "$(TEST_HOST)";
				FRAMEWORK_SEARCH_PATHS = (
					"$(SDKROOT)/Developer/Library/Frameworks",
					"$(inherited)",
				);
				INFOPLIST_FILE = homeloansTests/Info.plist;
				LD_RUNPATH_SEARCH_PATHS = "$(inherited) @executable_path/Frameworks @loader_path/Frameworks";
				PRODUCT_NAME = "$(TARGET_NAME)";
				TEST_HOST = "$(BUILT_PRODUCTS_DIR)/homeloans.app/homeloans";
			};
			name = Release;
		};
/* End XCBuildConfiguration section */

/* Begin XCConfigurationList section */
		ECF753851B4AD85700931B67 /* Build configuration list for PBXProject "homeloans" */ = {
			isa = XCConfigurationList;
			buildConfigurations = (
				ECF753AB1B4AD85700931B67 /* Debug */,
				ECF753AC1B4AD85700931B67 /* Release */,
			);
			defaultConfigurationIsVisible = 0;
			defaultConfigurationName = Release;
		};
		ECF753AD1B4AD85700931B67 /* Build configuration list for PBXNativeTarget "homeloans" */ = {
			isa = XCConfigurationList;
			buildConfigurations = (
				ECF753AE1B4AD85700931B67 /* Debug */,
				ECF753AF1B4AD85700931B67 /* Release */,
			);
			defaultConfigurationIsVisible = 0;
			defaultConfigurationName = Release;
		};
		ECF753B01B4AD85700931B67 /* Build configuration list for PBXNativeTarget "homeloansTests" */ = {
			isa = XCConfigurationList;
			buildConfigurations = (
				ECF753B11B4AD85700931B67 /* Debug */,
				ECF753B21B4AD85700931B67 /* Release */,
			);
			defaultConfigurationIsVisible = 0;
			defaultConfigurationName = Release;
		};
/* End XCConfigurationList section */
	};
	rootObject = ECF753821B4AD85700931B67 /* Project object */;
}
